
Microsoft Visual Studio Solution File, Format Version 12.00
# Visual Studio 2012
Project("{FAE04EC0-301F-11D3-BF4B-00C04F79EFBC}") = "OpenTok.Xamarin.Binding", "OpenTok.Xamarin.Binding\OpenTok.Xamarin.Binding.csproj", "{3A024B7C-31FB-4B06-A51F-7E56227BE9B5}"
EndProject
Project("{FAE04EC0-301F-11D3-BF4B-00C04F79EFBC}") = "OpenTok.Xamarin.Test", "OpenTok.Xamarin.Test\OpenTok.Xamarin.Test.csproj", "{9CF1C29B-5691-448B-89C8-19F1CC619B3F}"
EndProject
Global
	GlobalSection(SolutionConfigurationPlatforms) = preSolution
		Debug|Any CPU = Debug|Any CPU
		Release|Any CPU = Release|Any CPU
		Debug|iPhoneSimulator = Debug|iPhoneSimulator
		Release|iPhoneSimulator = Release|iPhoneSimulator
		Debug|iPhone = Debug|iPhone
		Release|iPhone = Release|iPhone
		Ad-Hoc|iPhone = Ad-Hoc|iPhone
		AppStore|iPhone = AppStore|iPhone
	EndGlobalSection
	GlobalSection(ProjectConfigurationPlatforms) = postSolution
		{3A024B7C-31FB-4B06-A51F-7E56227BE9B5}.Ad-Hoc|iPhone.ActiveCfg = Debug|Any CPU
		{3A024B7C-31FB-4B06-A51F-7E56227BE9B5}.Ad-Hoc|iPhone.Build.0 = Debug|Any CPU
		{3A024B7C-31FB-4B06-A51F-7E56227BE9B5}.AppStore|iPhone.ActiveCfg = Debug|Any CPU
		{3A024B7C-31FB-4B06-A51F-7E56227BE9B5}.AppStore|iPhone.Build.0 = Debug|Any CPU
		{3A024B7C-31FB-4B06-A51F-7E56227BE9B5}.Debug|Any CPU.ActiveCfg = Debug|Any CPU
		{3A024B7C-31FB-4B06-A51F-7E56227BE9B5}.Debug|Any CPU.Build.0 = Debug|Any CPU
		{3A024B7C-31FB-4B06-A51F-7E56227BE9B5}.Debug|iPhone.ActiveCfg = Debug|Any CPU
		{3A024B7C-31FB-4B06-A51F-7E56227BE9B5}.Debug|iPhone.Build.0 = Debug|Any CPU
		{3A024B7C-31FB-4B06-A51F-7E56227BE9B5}.Debug|iPhoneSimulator.ActiveCfg = Debug|Any CPU
		{3A024B7C-31FB-4B06-A51F-7E56227BE9B5}.Debug|iPhoneSimulator.Build.0 = Debug|Any CPU
		{3A024B7C-31FB-4B06-A51F-7E56227BE9B5}.Release|Any CPU.ActiveCfg = Release|Any CPU
		{3A024B7C-31FB-4B06-A51F-7E56227BE9B5}.Release|Any CPU.Build.0 = Release|Any CPU
		{3A024B7C-31FB-4B06-A51F-7E56227BE9B5}.Release|iPhone.ActiveCfg = Release|Any CPU
		{3A024B7C-31FB-4B06-A51F-7E56227BE9B5}.Release|iPhone.Build.0 = Release|Any CPU
		{3A024B7C-31FB-4B06-A51F-7E56227BE9B5}.Release|iPhoneSimulator.ActiveCfg = Release|Any CPU
		{3A024B7C-31FB-4B06-A51F-7E56227BE9B5}.Release|iPhoneSimulator.Build.0 = Release|Any CPU
		{9CF1C29B-5691-448B-89C8-19F1CC619B3F}.Ad-Hoc|iPhone.ActiveCfg = Ad-Hoc|iPhone
		{9CF1C29B-5691-448B-89C8-19F1CC619B3F}.Ad-Hoc|iPhone.Build.0 = Ad-Hoc|iPhone
		{9CF1C29B-5691-448B-89C8-19F1CC619B3F}.AppStore|iPhone.ActiveCfg = AppStore|iPhone
		{9CF1C29B-5691-448B-89C8-19F1CC619B3F}.AppStore|iPhone.Build.0 = AppStore|iPhone
		{9CF1C29B-5691-448B-89C8-19F1CC619B3F}.Debug|Any CPU.ActiveCfg = Debug|iPhoneSimulator
		{9CF1C29B-5691-448B-89C8-19F1CC619B3F}.Debug|Any CPU.Build.0 = Debug|iPhoneSimulator
		{9CF1C29B-5691-448B-89C8-19F1CC619B3F}.Debug|iPhone.ActiveCfg = Debug|iPhone
		{9CF1C29B-5691-448B-89C8-19F1CC619B3F}.Debug|iPhone.Build.0 = Debug|iPhone
		{9CF1C29B-5691-448B-89C8-19F1CC619B3F}.Debug|iPhoneSimulator.ActiveCfg = Debug|iPhoneSimulator
		{9CF1C29B-5691-448B-89C8-19F1CC619B3F}.Debug|iPhoneSimulator.Build.0 = Debug|iPhoneSimulator
		{9CF1C29B-5691-448B-89C8-19F1CC619B3F}.Release|Any CPU.ActiveCfg = Release|iPhoneSimulator
		{9CF1C29B-5691-448B-89C8-19F1CC619B3F}.Release|Any CPU.Build.0 = Release|iPhoneSimulator
		{9CF1C29B-5691-448B-89C8-19F1CC619B3F}.Release|iPhone.ActiveCfg = Release|iPhone
		{9CF1C29B-5691-448B-89C8-19F1CC619B3F}.Release|iPhone.Build.0 = Release|iPhone
		{9CF1C29B-5691-448B-89C8-19F1CC619B3F}.Release|iPhoneSimulator.ActiveCfg = Release|iPhoneSimulator
		{9CF1C29B-5691-448B-89C8-19F1CC619B3F}.Release|iPhoneSimulator.Build.0 = Release|iPhoneSimulator
	EndGlobalSection
	GlobalSection(MonoDevelopProperties) = preSolution
		StartupItem = OpenTok.Xamarin.Test\OpenTok.Xamarin.Test.csproj
	EndGlobalSection
EndGlobal
